lockfileVersion: 5.4

specifiers:
  '@u6x/jsext': ^0.0.27
  '@u7/blake3': ^0.0.2
  '@u7/hashid': ^0.0.2
  '@u7/node-loader': ^0.0.49
  '@u7/read': ^0.0.6
  '@u7/retry': ^0.0.2
  '@u7/sleep': ^0.0.3
  '@u7/snake': ^0.0.16
  '@u7/u8': ^0.0.9
  '@u7/uridir': ^0.0.2
  '@u7/utf8': ^0.0.3
  '@u7/walk': ^0.0.10
  '@u7/wasm-set': ^0.0.9
  '@u7/write': ^0.0.9
  '@u7/xxhash3-wasm': ^0.0.15
  '@u7/yml': ^0.0.5
  '@u7/zipint': ^0.0.2
  '@vitalets/google-translate-api': ^9.1.0
  chalk: ^5.2.0
  coffee_plus: ^0.0.55
  http-proxy-agent: ^5.0.0
  opencc-js: ^1.0.5
  progress: ^2.0.3

dependencies:
  '@u6x/jsext': 0.0.27
  '@u7/blake3': 0.0.2
  '@u7/hashid': 0.0.2
  '@u7/read': 0.0.6
  '@u7/retry': 0.0.2
  '@u7/sleep': 0.0.3
  '@u7/snake': 0.0.16
  '@u7/u8': 0.0.9
  '@u7/utf8': 0.0.3
  '@u7/walk': 0.0.10
  '@u7/wasm-set': 0.0.9
  '@u7/write': 0.0.9
  '@u7/xxhash3-wasm': 0.0.15
  '@u7/yml': 0.0.5
  '@u7/zipint': 0.0.2
  '@vitalets/google-translate-api': 9.1.0
  chalk: 5.2.0
  http-proxy-agent: 5.0.0
  opencc-js: 1.0.5
  progress: 2.0.3

devDependencies:
  '@u7/node-loader': 0.0.49
  '@u7/uridir': 0.0.2
  coffee_plus: 0.0.55

packages:

  /@tootallnate/once/2.0.0:
    resolution: {integrity: sha512-XCuKFP5PS55gnMVu3dty8KPatLqUoy/ZYzDzAGCQ8JNFCkLXzmI7vNHCR+XpbZaMWQK/vQubr7PkYq8g470J/A==}
    engines: {node: '>= 10'}
    dev: false

  /@types/http-errors/1.8.2:
    resolution: {integrity: sha512-EqX+YQxINb+MeXaIqYDASb6U6FCHbWjkj4a1CKDBks3d/QiB2+PqBLyO72vLDgAO1wUI4O+9gweRcQK11bTL/w==}
    dev: false

  /@u6x/jsext/0.0.27:
    resolution: {integrity: sha512-JWYU9TgVNp6Te8kP40LezAL6/kOVHsUtwaWj036hw1mLa5T80F8Ntrnnc8yG+2gEAq2VoY2lBLsj/7vMFJgXLw==}

  /@u7/blake3/0.0.2:
    resolution: {integrity: sha512-DK1ww2jWwImgHuSZR8tqBCjN0xxx+F39eqnDy1qyONIYyusri9feIkryXIWZqdbMFwASr82OrH58qdTYmkYp7g==}
    dev: false

  /@u7/caller_line/0.0.3:
    resolution: {integrity: sha512-fEtYr+FVKfnzDbiCboPwLOIwUKEqflo30Wgt49ZqnwhxzW9VXdKoAQBB2xqPBTKgJYlYbfoJw8umfzwG6R/GaQ==}
    dev: false

  /@u7/camel/0.0.28:
    resolution: {integrity: sha512-1Sh7T5na9XpnNOs9ecKEsBRCQ+Sn+FVM0TEF12edxb/eOY460H+z2ciphkDUhBE9MwSXxt03LoyQMwYDGIzv4w==}
    dev: true

  /@u7/hashid/0.0.2:
    resolution: {integrity: sha512-mGwEf1O9s4oEBI5qXclFwdB34TcAKi+FFOCSIAyyvfXbZkzVfe/t5qNEfe1NpqMt0TYJAPZ8phYazercIVva8w==}
    dev: false

  /@u7/node-loader/0.0.49:
    resolution: {integrity: sha512-DKQGd5M8QHm42P1gje0QLbqnF5lJkcCf+M0xOUNjiilHlCcz67KQbWEkSTTLqaXvt05EmlMjxNLFVqIkw2A7CQ==}
    dependencies:
      '@u6x/jsext': 0.0.27
      coffee_plus: 0.0.55
      coffeescript: 2.7.0
    dev: true

  /@u7/read/0.0.6:
    resolution: {integrity: sha512-j4uIfSfkZDZ+6zupIbpB+6TwIkOb7OsC5gYAsVYpJu0AXCMoS34MpRWaW122hNIK1TqlpJcmufVHp12O2H8KHw==}
    dev: false

  /@u7/retry/0.0.2:
    resolution: {integrity: sha512-awb8NOLJxDv8s5I1Y5/cCt6hm8drrxcMRGk769/dm7nZYOE7C/fpGFicbMFJkl7qtqkDoTfA1Gv5X7dayJUZFw==}
    dependencies:
      '@u7/caller_line': 0.0.3
      '@u7/sleep': 0.0.3
    dev: false

  /@u7/sleep/0.0.3:
    resolution: {integrity: sha512-oPURSbxdxR26Zz5YCTczmQxPrz9h0VNvtZQixLb9wCaCbwidA0odrx7eyz10gihYXdjNheHfXCwbIdr6qwxPHA==}
    dev: false

  /@u7/snake/0.0.16:
    resolution: {integrity: sha512-qPH2oab6B7lRl/MwTQcPFZ6PXy4MG7+9JW9DCQrQ0AXgcyNl5QmFlHw/7U/E+dL+HpB7xgCXKLXymTEsZi7Jfw==}
    dev: false

  /@u7/u8/0.0.9:
    resolution: {integrity: sha512-a2cZuw5av0d8zjkuYca4B+yeK2d6fvuN8X08Uliq7zkqJnVtQb4zgCTwQdVjhsimjzlrZdU2Kywig4YXOp1JqQ==}
    dev: false

  /@u7/uridir/0.0.2:
    resolution: {integrity: sha512-tyuFdhcxmCxE/iYpNknjc37TkffJLxVnvW6wCJyJ/CBBBeWjEe1FWtsORK4jyR+pI0E8UF0iP+9Hz3T3Y7pCtw==}
    dev: true

  /@u7/utf8/0.0.3:
    resolution: {integrity: sha512-85WtjC4jeFaKbCEFzTfwqmV05UgG4/UylFEWDfbOykGIFdUZE9sltSOv/PQjUJ6jYEaZdWm6Wm5XTMEkqtYfUQ==}
    dev: false

  /@u7/walk/0.0.10:
    resolution: {integrity: sha512-SSmv/sRSylKEB7oU9DTXtSkr922D/9n2JJqsilL6cHVpLWMix22sKqA2ZHDdkBRkeTTTnnyxOXaZGTt2ZIGdsA==}
    dev: false

  /@u7/walk/0.0.8:
    resolution: {integrity: sha512-4VUVWDvEDNOFQXzeP8uPQ+PStd62cqVM+U85nbyP7DgSTBe2rTN4HDdicEYXHgAMCbZ/mQ1VTcPJWUnFzx5F7Q==}
    dev: true

  /@u7/wasm-set/0.0.9:
    resolution: {integrity: sha512-BfyfyQsNM8AnZj2hqA2sL0ryABmDEOuDVH9BEhIMSmkIbBTqWLQLxERRmLHch2dSb0uhbebGcogPIocMlQ2LvQ==}
    dev: false

  /@u7/write/0.0.8:
    resolution: {integrity: sha512-cas5IbKVQzbZieMFfo4lEJ3tn4wLme40hXHjkgt2EWuqpklbxFu5DI/eR20whM+XLOz3y+NxVuNXy5zXuRqdIw==}

  /@u7/write/0.0.9:
    resolution: {integrity: sha512-50PbebAab1VHZUF49CdP6l60UKJFti081mNnPg5ZcPzAgUlTK0xS9dFNJv30wtBp/h+/AL0/ZOfLpmjjb1/7CA==}
    dev: false

  /@u7/xxhash3-wasm/0.0.15:
    resolution: {integrity: sha512-WTvc40TVoqZ2a5Rbql/3VjuGoLsgFod4XRZ0cLgfTfW3UxVYpOOBDLZtYVbJ4fepZIFiN9c/ay1P8RZ7InILwg==}
    dev: false

  /@u7/yml/0.0.5:
    resolution: {integrity: sha512-3sSUkEfyhlUOTmU8TBwTg0svM05CYrWFkqokfZdgz2hqxbA0XZr0Al8IpPqxCndcFD2ali9qe2nAJ+JUFQtQGQ==}
    dependencies:
      '@u7/read': 0.0.6
      '@u7/write': 0.0.8
      js-yaml: 4.1.0
    dev: false

  /@u7/zipint/0.0.2:
    resolution: {integrity: sha512-hUPU/5SekHYg1Z2OxJft82d6RINiuO+JAfakFInqiUMEWlQLfXPlR2SyV8jKkMdX7GsznLpL+WasteziGOnbTA==}
    dependencies:
      fastintcompression: 0.0.4
    dev: false

  /@vitalets/google-translate-api/9.1.0:
    resolution: {integrity: sha512-iA36eHfypNaYOHUjVoYcQ9Ro98WXHdBDgKNlWqn4MN4PA/R7bgccH4KlLWwuem5FjCSlRev27ZTUtyp/axgOVQ==}
    dependencies:
      '@types/http-errors': 1.8.2
      http-errors: 2.0.0
      node-fetch: 2.6.9
    transitivePeerDependencies:
      - encoding
    dev: false

  /agent-base/6.0.2:
    resolution: {integrity: sha512-RZNwNclF7+MS/8bDg70amg32dyeZGZxiDuQmZxKLAlQjr3jGyLx+4Kkk58UO7D2QdgFIQCovuSuZESne6RG6XQ==}
    engines: {node: '>= 6.0.0'}
    dependencies:
      debug: 4.3.4
    transitivePeerDependencies:
      - supports-color
    dev: false

  /ansi-regex/5.0.1:
    resolution: {integrity: sha512-quJQXlTSUGL2LH9SUXo8VwsY4soanhgo6LNSm84E1LBcE8s3O0wpdiRzyR9z/ZZJMlMWv37qOOb9pdJlMUEKFQ==}
    engines: {node: '>=8'}
    dev: true

  /ansi-styles/4.3.0:
    resolution: {integrity: sha512-zbB9rCJAT1rbjiVDb2hqKFHNYLxgtk8NURxZ3IZwD3F6NtxbXZQCnnSi1Lkx+IDohdPlFp222wVALIheZJQSEg==}
    engines: {node: '>=8'}
    dependencies:
      color-convert: 2.0.1
    dev: true

  /argparse/2.0.1:
    resolution: {integrity: sha512-8+9WqebbFzpX9OR+Wa6O29asIogeRMzcGtAINdpMHHyAg10f05aSFVBbcEqGf/PXw1EjAZ+q2/bEBg3DvurK3Q==}
    dev: false

  /chalk/5.2.0:
    resolution: {integrity: sha512-ree3Gqw/nazQAPuJJEy+avdl7QfZMcUvmHIKgEZkGL+xOBzRvup5Hxo6LHuMceSxOabuJLJm5Yp/92R9eMmMvA==}
    engines: {node: ^12.17.0 || ^14.13 || >=16.0.0}
    dev: false

  /cliui/8.0.1:
    resolution: {integrity: sha512-BSeNnyus75C4//NQ9gQt1/csTXyo/8Sb+afLAkzAptFuMsod9HFokGNudZpi/oQV73hnVK+sR+5PVRMd+Dr7YQ==}
    engines: {node: '>=12'}
    dependencies:
      string-width: 4.2.3
      strip-ansi: 6.0.1
      wrap-ansi: 7.0.0
    dev: true

  /coffee_plus/0.0.55:
    resolution: {integrity: sha512-SenFgyHeF7FHZXC9YLRPNpv44VHQ0fDeGpYan6hhcUmQnD26f23ZLPDOHZGZnXmB1yovs78hFJ2NucLYjhO32A==}
    hasBin: true
    dependencies:
      '@u7/camel': 0.0.28
      '@u7/walk': 0.0.8
      '@u7/write': 0.0.8
      fs-extra: 11.1.0
      lodash-es: 4.17.21
      yargs: 17.7.0
    dev: true

  /coffeescript/2.7.0:
    resolution: {integrity: sha512-hzWp6TUE2d/jCcN67LrW1eh5b/rSDKQK6oD6VMLlggYVUUFexgTH9z3dNYihzX4RMhze5FTUsUmOXViJKFQR/A==}
    engines: {node: '>=6'}
    hasBin: true
    dev: true

  /color-convert/2.0.1:
    resolution: {integrity: sha512-RRECPsj7iu/xb5oKYcsFHSppFNnsj/52OVTRKb4zP5onXwVF3zVmmToNcOfGC+CRDpfK/U584fMg38ZHCaElKQ==}
    engines: {node: '>=7.0.0'}
    dependencies:
      color-name: 1.1.4
    dev: true

  /color-name/1.1.4:
    resolution: {integrity: sha512-dOy+3AuW3a2wNbZHIuMZpTcgjGuLU/uBL/ubcZF9OXbDo8ff4O8yVp5Bf0efS8uEoYo5q4Fx7dY9OgQGXgAsQA==}
    dev: true

  /debug/4.3.4:
    resolution: {integrity: sha512-PRWFHuSU3eDtQJPvnNY7Jcket1j0t5OuOsFzPPzsekD52Zl8qUfFIPEiswXqIvHWGVHOgX+7G/vCNNhehwxfkQ==}
    engines: {node: '>=6.0'}
    peerDependencies:
      supports-color: '*'
    peerDependenciesMeta:
      supports-color:
        optional: true
    dependencies:
      ms: 2.1.2
    dev: false

  /depd/2.0.0:
    resolution: {integrity: sha512-g7nH6P6dyDioJogAAGprGpCtVImJhpPk/roCzdb3fIh61/s/nPsfR6onyMwkCAR/OlC3yBC0lESvUoQEAssIrw==}
    engines: {node: '>= 0.8'}
    dev: false

  /emoji-regex/8.0.0:
    resolution: {integrity: sha512-MSjYzcWNOA0ewAHpz0MxpYFvwg6yjy1NG3xteoqz644VCo/RPgnr1/GGt+ic3iJTzQ8Eu3TdM14SawnVUmGE6A==}
    dev: true

  /escalade/3.1.1:
    resolution: {integrity: sha512-k0er2gUkLf8O0zKJiAhmkTnJlTvINGv7ygDNPbeIsX/TJjGJZHuh9B2UxbsaEkmlEo9MfhrSzmhIlhRlI2GXnw==}
    engines: {node: '>=6'}
    dev: true

  /fastintcompression/0.0.4:
    resolution: {integrity: sha512-sRtejNHcWjJl0Fr+gsbybbgOKKj0sQYvv7rA787EbeFu1fMpmzjHuBW8fLBImSZeqDuR++TZU2n60mRrpAUR9g==}
    dev: false

  /fs-extra/11.1.0:
    resolution: {integrity: sha512-0rcTq621PD5jM/e0a3EJoGC/1TC5ZBCERW82LQuwfGnCa1V8w7dpYH1yNu+SLb6E5dkeCBzKEyLGlFrnr+dUyw==}
    engines: {node: '>=14.14'}
    dependencies:
      graceful-fs: 4.2.10
      jsonfile: 6.1.0
      universalify: 2.0.0
    dev: true

  /get-caller-file/2.0.5:
    resolution: {integrity: sha512-DyFP3BM/3YHTQOCUL/w0OZHR0lpKeGrxotcHWcqNEdnltqFwXVfhEBQ94eIo34AfQpo0rGki4cyIiftY06h2Fg==}
    engines: {node: 6.* || 8.* || >= 10.*}
    dev: true

  /graceful-fs/4.2.10:
    resolution: {integrity: sha512-9ByhssR2fPVsNZj478qUUbKfmL0+t5BDVyjShtyZZLiK7ZDAArFFfopyOTj0M05wE2tJPisA4iTnnXl2YoPvOA==}
    dev: true

  /http-errors/2.0.0:
    resolution: {integrity: sha512-FtwrG/euBzaEjYeRqOgly7G0qviiXoJWnvEH2Z1plBdXgbyjv34pHTSb9zoeHMyDy33+DWy5Wt9Wo+TURtOYSQ==}
    engines: {node: '>= 0.8'}
    dependencies:
      depd: 2.0.0
      inherits: 2.0.4
      setprototypeof: 1.2.0
      statuses: 2.0.1
      toidentifier: 1.0.1
    dev: false

  /http-proxy-agent/5.0.0:
    resolution: {integrity: sha512-n2hY8YdoRE1i7r6M0w9DIw5GgZN0G25P8zLCRQ8rjXtTU3vsNFBI/vWK/UIeE6g5MUUz6avwAPXmL6Fy9D/90w==}
    engines: {node: '>= 6'}
    dependencies:
      '@tootallnate/once': 2.0.0
      agent-base: 6.0.2
      debug: 4.3.4
    transitivePeerDependencies:
      - supports-color
    dev: false

  /inherits/2.0.4:
    resolution: {integrity: sha512-k/vGaX4/Yla3WzyMCvTQOXYeIHvqOKtnqBduzTHpzpQZzAskKMhZ2K+EnBiSM9zGSoIFeMpXKxa4dYeZIQqewQ==}
    dev: false

  /is-fullwidth-code-point/3.0.0:
    resolution: {integrity: sha512-zymm5+u+sCsSWyD9qNaejV3DFvhCKclKdizYaJUuHA83RLjb7nSuGnddCHGv0hk+KY7BMAlsWeK4Ueg6EV6XQg==}
    engines: {node: '>=8'}
    dev: true

  /js-yaml/4.1.0:
    resolution: {integrity: sha512-wpxZs9NoxZaJESJGIZTyDEaYpl0FKSA+FB9aJiyemKhMwkxQg63h4T1KJgUGHpTqPDNRcmmYLugrRjJlBtWvRA==}
    hasBin: true
    dependencies:
      argparse: 2.0.1
    dev: false

  /jsonfile/6.1.0:
    resolution: {integrity: sha512-5dgndWOriYSm5cnYaJNhalLNDKOqFwyDB/rr1E9ZsGciGvKPs8R2xYGCacuf3z6K1YKDz182fd+fY3cn3pMqXQ==}
    dependencies:
      universalify: 2.0.0
    optionalDependencies:
      graceful-fs: 4.2.10
    dev: true

  /lodash-es/4.17.21:
    resolution: {integrity: sha512-mKnC+QJ9pWVzv+C4/U3rRsHapFfHvQFoFB92e52xeyGMcX6/OlIl78je1u8vePzYZSkkogMPJ2yjxxsb89cxyw==}
    dev: true

  /ms/2.1.2:
    resolution: {integrity: sha512-sGkPx+VjMtmA6MX27oA4FBFELFCZZ4S4XqeGOXCv68tT+jb3vk/RyaKWP0PTKyWtmLSM0b+adUTEvbs1PEaH2w==}
    dev: false

  /node-fetch/2.6.9:
    resolution: {integrity: sha512-DJm/CJkZkRjKKj4Zi4BsKVZh3ValV5IR5s7LVZnW+6YMh0W1BfNA8XSs6DLMGYlId5F3KnA70uu2qepcR08Qqg==}
    engines: {node: 4.x || >=6.0.0}
    peerDependencies:
      encoding: ^0.1.0
    peerDependenciesMeta:
      encoding:
        optional: true
    dependencies:
      whatwg-url: 5.0.0
    dev: false

  /opencc-js/1.0.5:
    resolution: {integrity: sha512-LD+1SoNnZdlRwtYTjnQdFrSVCAaYpuDqL5CkmOaHOkKoKh7mFxUicLTRVNLU5C+Jmi1vXQ3QL4jWdgSaa4sKjg==}
    dev: false

  /progress/2.0.3:
    resolution: {integrity: sha512-7PiHtLll5LdnKIMw100I+8xJXR5gW2QwWYkT6iJva0bXitZKa/XMrSbdmg3r2Xnaidz9Qumd0VPaMrZlF9V9sA==}
    engines: {node: '>=0.4.0'}
    dev: false

  /require-directory/2.1.1:
    resolution: {integrity: sha512-fGxEI7+wsG9xrvdjsrlmL22OMTTiHRwAMroiEeMgq8gzoLC/PQr7RsRDSTLUg/bZAZtF+TVIkHc6/4RIKrui+Q==}
    engines: {node: '>=0.10.0'}
    dev: true

  /setprototypeof/1.2.0:
    resolution: {integrity: sha512-E5LDX7Wrp85Kil5bhZv46j8jOeboKq5JMmYM3gVGdGH8xFpPWXUMsNrlODCrkoxMEeNi/XZIwuRvY4XNwYMJpw==}
    dev: false

  /statuses/2.0.1:
    resolution: {integrity: sha512-RwNA9Z/7PrK06rYLIzFMlaF+l73iwpzsqRIFgbMLbTcLD6cOao82TaWefPXQvB2fOC4AjuYSEndS7N/mTCbkdQ==}
    engines: {node: '>= 0.8'}
    dev: false

  /string-width/4.2.3:
    resolution: {integrity: sha512-wKyQRQpjJ0sIp62ErSZdGsjMJWsap5oRNihHhu6G7JVO/9jIB6UyevL+tXuOqrng8j/cxKTWyWUwvSTriiZz/g==}
    engines: {node: '>=8'}
    dependencies:
      emoji-regex: 8.0.0
      is-fullwidth-code-point: 3.0.0
      strip-ansi: 6.0.1
    dev: true

  /strip-ansi/6.0.1:
    resolution: {integrity: sha512-Y38VPSHcqkFrCpFnQ9vuSXmquuv5oXOKpGeT6aGrr3o3Gc9AlVa6JBfUSOCnbxGGZF+/0ooI7KrPuUSztUdU5A==}
    engines: {node: '>=8'}
    dependencies:
      ansi-regex: 5.0.1
    dev: true

  /toidentifier/1.0.1:
    resolution: {integrity: sha512-o5sSPKEkg/DIQNmH43V0/uerLrpzVedkUh8tGNvaeXpfpuwjKenlSox/2O/BTlZUtEe+JG7s5YhEz608PlAHRA==}
    engines: {node: '>=0.6'}
    dev: false

  /tr46/0.0.3:
    resolution: {integrity: sha512-N3WMsuqV66lT30CrXNbEjx4GEwlow3v6rr4mCcv6prnfwhS01rkgyFdjPNBYd9br7LpXV1+Emh01fHnq2Gdgrw==}
    dev: false

  /universalify/2.0.0:
    resolution: {integrity: sha512-hAZsKq7Yy11Zu1DE0OzWjw7nnLZmJZYTDZZyEFHZdUhV8FkH5MCfoU1XMaxXovpyW5nq5scPqq0ZDP9Zyl04oQ==}
    engines: {node: '>= 10.0.0'}
    dev: true

  /webidl-conversions/3.0.1:
    resolution: {integrity: sha512-2JAn3z8AR6rjK8Sm8orRC0h/bcl/DqL7tRPdGZ4I1CjdF+EaMLmYxBHyXuKL849eucPFhvBoxMsflfOb8kxaeQ==}
    dev: false

  /whatwg-url/5.0.0:
    resolution: {integrity: sha512-saE57nupxk6v3HY35+jzBwYa0rKSy0XR8JSxZPwgLr7ys0IBzhGviA1/TUGJLmSVqs8pb9AnvICXEuOHLprYTw==}
    dependencies:
      tr46: 0.0.3
      webidl-conversions: 3.0.1
    dev: false

  /wrap-ansi/7.0.0:
    resolution: {integrity: sha512-YVGIj2kamLSTxw6NsZjoBxfSwsn0ycdesmc4p+Q21c5zPuZ1pl+NfxVdxPtdHvmNVOQ6XSYG4AUtyt/Fi7D16Q==}
    engines: {node: '>=10'}
    dependencies:
      ansi-styles: 4.3.0
      string-width: 4.2.3
      strip-ansi: 6.0.1
    dev: true

  /y18n/5.0.8:
    resolution: {integrity: sha512-0pfFzegeDWJHJIAmTLRP2DwHjdF5s7jo9tuztdQxAhINCdvS+3nGINqPd00AphqJR/0LhANUS6/+7SCb98YOfA==}
    engines: {node: '>=10'}
    dev: true

  /yargs-parser/21.1.1:
    resolution: {integrity: sha512-tVpsJW7DdjecAiFpbIB1e3qxIQsE6NoPc5/eTdrbbIC4h0LVsWhnoa3g+m2HclBIujHzsxZ4VJVA+GUuc2/LBw==}
    engines: {node: '>=12'}
    dev: true

  /yargs/17.7.0:
    resolution: {integrity: sha512-dwqOPg5trmrre9+v8SUo2q/hAwyKoVfu8OC1xPHKJGNdxAvPl4sKxL4vBnh3bQz/ZvvGAFeA5H3ou2kcOY8sQQ==}
    engines: {node: '>=12'}
    dependencies:
      cliui: 8.0.1
      escalade: 3.1.1
      get-caller-file: 2.0.5
      require-directory: 2.1.1
      string-width: 4.2.3
      y18n: 5.0.8
      yargs-parser: 21.1.1
    dev: true
